
Microsoft Visual Studio Solution File, Format Version 12.00
# Visual Studio Version 16
VisualStudioVersion = 16.0.31019.35
MinimumVisualStudioVersion = 10.0.40219.1
Project("{FAE04EC0-301F-11D3-BF4B-00C04F79EFBC}") = "Disekto etos", "Disekto etos.csproj", "{CFE45498-920D-45E9-9F3E-6FF759F60DC2}"
EndProject
Global
	GlobalSection(SolutionConfigurationPlatforms) = preSolution
		Debug|Any CPU = Debug|Any CPU
		Release|Any CPU = Release|Any CPU
	EndGlobalSection
	GlobalSection(ProjectConfigurationPlatforms) = postSolution
		{CFE45498-920D-45E9-9F3E-6FF759F60DC2}.Debug|Any CPU.ActiveCfg = Debug|Any CPU
		{CFE45498-920D-45E9-9F3E-6FF759F60DC2}.Debug|Any CPU.Build.0 = Debug|Any CPU
		{CFE45498-920D-45E9-9F3E-6FF759F60DC2}.Release|Any CPU.ActiveCfg = Release|Any CPU
		{CFE45498-920D-45E9-9F3E-6FF759F60DC2}.Release|Any CPU.Build.0 = Release|Any CPU
	EndGlobalSection
	GlobalSection(SolutionProperties) = preSolution
		HideSolutionNode = FALSE
	EndGlobalSection
	GlobalSection(ExtensibilityGlobals) = postSolution
		SolutionGuid = {B4F37DD0-93D6-4F27-AF96-E71DA0E6A4B3}
	EndGlobalSection
EndGlobal
